// !$*UTF8*$!
{
	archiveVersion = 1;
	classes = {
	};
	objectVersion = 50;
	objects = {

/* Begin PBXBuildFile section */
		76B74EC52656080D00515242 /* AppDelegate.swift in Sources */ = {isa = PBXBuildFile; fileRef = 76B74EC42656080D00515242 /* AppDelegate.swift */; };
		76B74EC72656080D00515242 /* SceneDelegate.swift in Sources */ = {isa = PBXBuildFile; fileRef = 76B74EC62656080D00515242 /* SceneDelegate.swift */; };
		76B74EC92656080D00515242 /* ViewController.swift in Sources */ = {isa = PBXBuildFile; fileRef = 76B74EC82656080D00515242 /* ViewController.swift */; };
		76B74ECC2656080D00515242 /* Main.storyboard in Resources */ = {isa = PBXBuildFile; fileRef = 76B74ECA2656080D00515242 /* Main.storyboard */; };
		76B74ECE2656080E00515242 /* Assets.xcassets in Resources */ = {isa = PBXBuildFile; fileRef = 76B74ECD2656080E00515242 /* Assets.xcassets */; };
		76B74ED12656080E00515242 /* LaunchScreen.storyboard in Resources */ = {isa = PBXBuildFile; fileRef = 76B74ECF2656080E00515242 /* LaunchScreen.storyboard */; };
		76B74EDC2656080E00515242 /* swiftQuizTests.swift in Sources */ = {isa = PBXBuildFile; fileRef = 76B74EDB2656080E00515242 /* swiftQuizTests.swift */; };
		76B74EE72656080E00515242 /* swiftQuizUITests.swift in Sources */ = {isa = PBXBuildFile; fileRef = 76B74EE62656080E00515242 /* swiftQuizUITests.swift */; };
		76BA13792665BE3F008C399B /* QuizViewController.swift in Sources */ = {isa = PBXBuildFile; fileRef = 76BA13782665BE3F008C399B /* QuizViewController.swift */; };
		76BA137B2665BE66008C399B /* ResultViewController.swift in Sources */ = {isa = PBXBuildFile; fileRef = 76BA137A2665BE66008C399B /* ResultViewController.swift */; };
		76BA137D2665C7BF008C399B /* Quiz.swift in Sources */ = {isa = PBXBuildFile; fileRef = 76BA137C2665C7BF008C399B /* Quiz.swift */; };
		76BA137F2665C880008C399B /* QuizManager.swift in Sources */ = {isa = PBXBuildFile; fileRef = 76BA137E2665C880008C399B /* QuizManager.swift */; };
/* End PBXBuildFile section */

/* Begin PBXContainerItemProxy section */
		76B74ED82656080E00515242 /* PBXContainerItemProxy */ = {
			isa = PBXContainerItemProxy;
			containerPortal = 76B74EB92656080D00515242 /* Project object */;
			proxyType = 1;
			remoteGlobalIDString = 76B74EC02656080D00515242;
			remoteInfo = swiftQuiz;
		};
		76B74EE32656080E00515242 /* PBXContainerItemProxy */ = {
			isa = PBXContainerItemProxy;
			containerPortal = 76B74EB92656080D00515242 /* Project object */;
			proxyType = 1;
			remoteGlobalIDString = 76B74EC02656080D00515242;
			remoteInfo = swiftQuiz;
		};
/* End PBXContainerItemProxy section */

/* Begin PBXFileReference section */
		76B74EC12656080D00515242 /* swiftQuiz.app */ = {isa = PBXFileReference; explicitFileType = wrapper.application; includeInIndex = 0; path = swiftQuiz.app; sourceTree = BUILT_PRODUCTS_DIR; };
		76B74EC42656080D00515242 /* AppDelegate.swift */ = {isa = PBXFileReference; lastKnownFileType = sourcecode.swift; path = AppDelegate.swift; sourceTree = "<group>"; };
		76B74EC62656080D00515242 /* SceneDelegate.swift */ = {isa = PBXFileReference; lastKnownFileType = sourcecode.swift; path = SceneDelegate.swift; sourceTree = "<group>"; };
		76B74EC82656080D00515242 /* ViewController.swift */ = {isa = PBXFileReference; lastKnownFileType = sourcecode.swift; path = ViewController.swift; sourceTree = "<group>"; };
		76B74ECB2656080D00515242 /* Base */ = {isa = PBXFileReference; lastKnownFileType = file.storyboard; name = Base; path = Base.lproj/Main.storyboard; sourceTree = "<group>"; };
		76B74ECD2656080E00515242 /* Assets.xcassets */ = {isa = PBXFileReference; lastKnownFileType = folder.assetcatalog; path = Assets.xcassets; sourceTree = "<group>"; };
		76B74ED02656080E00515242 /* Base */ = {isa = PBXFileReference; lastKnownFileType = file.storyboard; name = Base; path = Base.lproj/LaunchScreen.storyboard; sourceTree = "<group>"; };
		76B74ED22656080E00515242 /* Info.plist */ = {isa = PBXFileReference; lastKnownFileType = text.plist.xml; path = Info.plist; sourceTree = "<group>"; };
		76B74ED72656080E00515242 /* swiftQuizTests.xctest */ = {isa = PBXFileReference; explicitFileType = wrapper.cfbundle; includeInIndex = 0; path = swiftQuizTests.xctest; sourceTree = BUILT_PRODUCTS_DIR; };
		76B74EDB2656080E00515242 /* swiftQuizTests.swift */ = {isa = PBXFileReference; lastKnownFileType = sourcecode.swift; path = swiftQuizTests.swift; sourceTree = "<group>"; };
		76B74EDD2656080E00515242 /* Info.plist */ = {isa = PBXFileReference; lastKnownFileType = text.plist.xml; path = Info.plist; sourceTree = "<group>"; };
		76B74EE22656080E00515242 /* swiftQuizUITests.xctest */ = {isa = PBXFileReference; explicitFileType = wrapper.cfbundle; includeInIndex = 0; path = swiftQuizUITests.xctest; sourceTree = BUILT_PRODUCTS_DIR; };
		76B74EE62656080E00515242 /* swiftQuizUITests.swift */ = {isa = PBXFileReference; lastKnownFileType = sourcecode.swift; path = swiftQuizUITests.swift; sourceTree = "<group>"; };
		76B74EE82656080E00515242 /* Info.plist */ = {isa = PBXFileReference; lastKnownFileType = text.plist.xml; path = Info.plist; sourceTree = "<group>"; };
		76BA13782665BE3F008C399B /* QuizViewController.swift */ = {isa = PBXFileReference; lastKnownFileType = sourcecode.swift; path = QuizViewController.swift; sourceTree = "<group>"; };
		76BA137A2665BE66008C399B /* ResultViewController.swift */ = {isa = PBXFileReference; lastKnownFileType = sourcecode.swift; path = ResultViewController.swift; sourceTree = "<group>"; };
		76BA137C2665C7BF008C399B /* Quiz.swift */ = {isa = PBXFileReference; lastKnownFileType = sourcecode.swift; path = Quiz.swift; sourceTree = "<group>"; };
		76BA137E2665C880008C399B /* QuizManager.swift */ = {isa = PBXFileReference; lastKnownFileType = sourcecode.swift; path = QuizManager.swift; sourceTree = "<group>"; };
/* End PBXFileReference section */

/* Begin PBXFrameworksBuildPhase section */
		76B74EBE2656080D00515242 /* Frameworks */ = {
			isa = PBXFrameworksBuildPhase;
			buildActionMask = 2147483647;
			files = (
			);
			runOnlyForDeploymentPostprocessing = 0;
		};
		76B74ED42656080E00515242 /* Frameworks */ = {
			isa = PBXFrameworksBuildPhase;
			buildActionMask = 2147483647;
			files = (
			);
			runOnlyForDeploymentPostprocessing = 0;
		};
		76B74EDF2656080E00515242 /* Frameworks */ = {
			isa = PBXFrameworksBuildPhase;
			buildActionMask = 2147483647;
			files = (
			);
			runOnlyForDeploymentPostprocessing = 0;
		};
/* End PBXFrameworksBuildPhase section */

/* Begin PBXGroup section */
		76B74EB82656080D00515242 = {
			isa = PBXGroup;
			children = (
				76B74EC32656080D00515242 /* swiftQuiz */,
				76B74EDA2656080E00515242 /* swiftQuizTests */,
				76B74EE52656080E00515242 /* swiftQuizUITests */,
				76B74EC22656080D00515242 /* Products */,
			);
			sourceTree = "<group>";
		};
		76B74EC22656080D00515242 /* Products */ = {
			isa = PBXGroup;
			children = (
				76B74EC12656080D00515242 /* swiftQuiz.app */,
				76B74ED72656080E00515242 /* swiftQuizTests.xctest */,
				76B74EE22656080E00515242 /* swiftQuizUITests.xctest */,
			);
			name = Products;
			sourceTree = "<group>";
		};
		76B74EC32656080D00515242 /* swiftQuiz */ = {
			isa = PBXGroup;
			children = (
				76B74EC42656080D00515242 /* AppDelegate.swift */,
				76B74EC62656080D00515242 /* SceneDelegate.swift */,
				76B74EC82656080D00515242 /* ViewController.swift */,
				76B74ECA2656080D00515242 /* Main.storyboard */,
				76BA137C2665C7BF008C399B /* Quiz.swift */,
				76BA137E2665C880008C399B /* QuizManager.swift */,
				76BA13782665BE3F008C399B /* QuizViewController.swift */,
				76BA137A2665BE66008C399B /* ResultViewController.swift */,
				76B74ECD2656080E00515242 /* Assets.xcassets */,
				76B74ECF2656080E00515242 /* LaunchScreen.storyboard */,
				76B74ED22656080E00515242 /* Info.plist */,
			);
			path = swiftQuiz;
			sourceTree = "<group>";
		};
		76B74EDA2656080E00515242 /* swiftQuizTests */ = {
			isa = PBXGroup;
			children = (
				76B74EDB2656080E00515242 /* swiftQuizTests.swift */,
				76B74EDD2656080E00515242 /* Info.plist */,
			);
			path = swiftQuizTests;
			sourceTree = "<group>";
		};
		76B74EE52656080E00515242 /* swiftQuizUITests */ = {
			isa = PBXGroup;
			children = (
				76B74EE62656080E00515242 /* swiftQuizUITests.swift */,
				76B74EE82656080E00515242 /* Info.plist */,
			);
			path = swiftQuizUITests;
			sourceTree = "<group>";
		};
/* End PBXGroup section */

/* Begin PBXNativeTarget section */
		76B74EC02656080D00515242 /* swiftQuiz */ = {
			isa = PBXNativeTarget;
			buildConfigurationList = 76B74EEB2656080E00515242 /* Build configuration list for PBXNativeTarget "swiftQuiz" */;
			buildPhases = (
				76B74EBD2656080D00515242 /* Sources */,
				76B74EBE2656080D00515242 /* Frameworks */,
				76B74EBF2656080D00515242 /* Resources */,
			);
			buildRules = (
			);
			dependencies = (
			);
			name = swiftQuiz;
			productName = swiftQuiz;
			productReference = 76B74EC12656080D00515242 /* swiftQuiz.app */;
			productType = "com.apple.product-type.application";
		};
		76B74ED62656080E00515242 /* swiftQuizTests */ = {
			isa = PBXNativeTarget;
			buildConfigurationList = 76B74EEE2656080E00515242 /* Build configuration list for PBXNativeTarget "swiftQuizTests" */;
			buildPhases = (
				76B74ED32656080E00515242 /* Sources */,
				76B74ED42656080E00515242 /* Frameworks */,
				76B74ED52656080E00515242 /* Resources */,
			);
			buildRules = (
			);
			dependencies = (
				76B74ED92656080E00515242 /* PBXTargetDependency */,
			);
			name = swiftQuizTests;
			productName = swiftQuizTests;
			productReference = 76B74ED72656080E00515242 /* swiftQuizTests.xctest */;
			productType = "com.apple.product-type.bundle.unit-test";
		};
		76B74EE12656080E00515242 /* swiftQuizUITests */ = {
			isa = PBXNativeTarget;
			buildConfigurationList = 76B74EF12656080E00515242 /* Build configuration list for PBXNativeTarget "swiftQuizUITests" */;
			buildPhases = (
				76B74EDE2656080E00515242 /* Sources */,
				76B74EDF2656080E00515242 /* Frameworks */,
				76B74EE02656080E00515242 /* Resources */,
			);
			buildRules = (
			);
			dependencies = (
				76B74EE42656080E00515242 /* PBXTargetDependency */,
			);
			name = swiftQuizUITests;
			productName = swiftQuizUITests;
			productReference = 76B74EE22656080E00515242 /* swiftQuizUITests.xctest */;
			productType = "com.apple.product-type.bundle.ui-testing";
		};
/* End PBXNativeTarget section */

/* Begin PBXProject section */
		76B74EB92656080D00515242 /* Project object */ = {
			isa = PBXProject;
			attributes = {
				LastSwiftUpdateCheck = 1250;
				LastUpgradeCheck = 1250;
				TargetAttributes = {
					76B74EC02656080D00515242 = {
						CreatedOnToolsVersion = 12.5;
					};
					76B74ED62656080E00515242 = {
						CreatedOnToolsVersion = 12.5;
						TestTargetID = 76B74EC02656080D00515242;
					};
					76B74EE12656080E00515242 = {
						CreatedOnToolsVersion = 12.5;
						TestTargetID = 76B74EC02656080D00515242;
					};
				};
			};
			buildConfigurationList = 76B74EBC2656080D00515242 /* Build configuration list for PBXProject "swiftQuiz" */;
			compatibilityVersion = "Xcode 9.3";
			developmentRegion = en;
			hasScannedForEncodings = 0;
			knownRegions = (
				en,
				Base,
			);
			mainGroup = 76B74EB82656080D00515242;
			productRefGroup = 76B74EC22656080D00515242 /* Products */;
			projectDirPath = "";
			projectRoot = "";
			targets = (
				76B74EC02656080D00515242 /* swiftQuiz */,
				76B74ED62656080E00515242 /* swiftQuizTests */,
				76B74EE12656080E00515242 /* swiftQuizUITests */,
			);
		};
/* End PBXProject section */

/* Begin PBXResourcesBuildPhase section */
		76B74EBF2656080D00515242 /* Resources */ = {
			isa = PBXResourcesBuildPhase;
			buildActionMask = 2147483647;
			files = (
				76B74ED12656080E00515242 /* LaunchScreen.storyboard in Resources */,
				76B74ECE2656080E00515242 /* Assets.xcassets in Resources */,
				76B74ECC2656080D00515242 /* Main.storyboard in Resources */,
			);
			runOnlyForDeploymentPostprocessing = 0;
		};
		76B74ED52656080E00515242 /* Resources */ = {
			isa = PBXResourcesBuildPhase;
			buildActionMask = 2147483647;
			files = (
			);
			runOnlyForDeploymentPostprocessing = 0;
		};
		76B74EE02656080E00515242 /* Resources */ = {
			isa = PBXResourcesBuildPhase;
			buildActionMask = 2147483647;
			files = (
			);
			runOnlyForDeploymentPostprocessing = 0;
		};
/* End PBXResourcesBuildPhase section */

/* Begin PBXSourcesBuildPhase section */
		76B74EBD2656080D00515242 /* Sources */ = {
			isa = PBXSourcesBuildPhase;
			buildActionMask = 2147483647;
			files = (
				76BA137B2665BE66008C399B /* ResultViewController.swift in Sources */,
				76B74EC92656080D00515242 /* ViewController.swift in Sources */,
				76BA137D2665C7BF008C399B /* Quiz.swift in Sources */,
				76BA137F2665C880008C399B /* QuizManager.swift in Sources */,
				76B74EC52656080D00515242 /* AppDelegate.swift in Sources */,
				76B74EC72656080D00515242 /* SceneDelegate.swift in Sources */,
				76BA13792665BE3F008C399B /* QuizViewController.swift in Sources */,
			);
			runOnlyForDeploymentPostprocessing = 0;
		};
		76B74ED32656080E00515242 /* Sources */ = {
			isa = PBXSourcesBuildPhase;
			buildActionMask = 2147483647;
			files = (
				76B74EDC2656080E00515242 /* swiftQuizTests.swift in Sources */,
			);
			runOnlyForDeploymentPostprocessing = 0;
		};
		76B74EDE2656080E00515242 /* Sources */ = {
			isa = PBXSourcesBuildPhase;
			buildActionMask = 2147483647;
			files = (
				76B74EE72656080E00515242 /* swiftQuizUITests.swift in Sources */,
			);
			runOnlyForDeploymentPostprocessing = 0;
		};
/* End PBXSourcesBuildPhase section */

/* Begin PBXTargetDependency section */
		76B74ED92656080E00515242 /* PBXTargetDependency */ = {
			isa = PBXTargetDependency;
			target = 76B74EC02656080D00515242 /* swiftQuiz */;
			targetProxy = 76B74ED82656080E00515242 /* PBXContainerItemProxy */;
		};
		76B74EE42656080E00515242 /* PBXTargetDependency */ = {
			isa = PBXTargetDependency;
			target = 76B74EC02656080D00515242 /* swiftQuiz */;
			targetProxy = 76B74EE32656080E00515242 /* PBXContainerItemProxy */;
		};
/* End PBXTargetDependency section */

/* Begin PBXVariantGroup section */
		76B74ECA2656080D00515242 /* Main.storyboard */ = {
			isa = PBXVariantGroup;
			children = (
				76B74ECB2656080D00515242 /* Base */,
			);
			name = Main.storyboard;
			sourceTree = "<group>";
		};
		76B74ECF2656080E00515242 /* LaunchScreen.storyboard */ = {
			isa = PBXVariantGroup;
			children = (
				76B74ED02656080E00515242 /* Base */,
			);
			name = LaunchScreen.storyboard;
			sourceTree = "<group>";
		};
/* End PBXVariantGroup section */

/* Begin XCBuildConfiguration section */
		76B74EE92656080E00515242 /* Debug */ = {
			isa = XCBuildConfiguration;
			buildSettings = {
				ALWAYS_SEARCH_USER_PATHS = NO;
				CLANG_ANALYZER_NONNULL = YES;
				CLANG_ANALYZER_NUMBER_OBJECT_CONVERSION = YES_AGGRESSIVE;
				CLANG_CXX_LANGUAGE_STANDARD = "gnu++14";
				CLANG_CXX_LIBRARY = "libc++";
				CLANG_ENABLE_MODULES = YES;
				CLANG_ENABLE_OBJC_ARC = YES;
				CLANG_ENABLE_OBJC_WEAK = YES;
				CLANG_WARN_BLOCK_CAPTURE_AUTORELEASING = YES;
				CLANG_WARN_BOOL_CONVERSION = YES;
				CLANG_WARN_COMMA = YES;
				CLANG_WARN_CONSTANT_CONVERSION = YES;
				CLANG_WARN_DEPRECATED_OBJC_IMPLEMENTATIONS = YES;
				CLANG_WARN_DIRECT_OBJC_ISA_USAGE = YES_ERROR;
				CLANG_WARN_DOCUMENTATION_COMMENTS = YES;
				CLANG_WARN_EMPTY_BODY = YES;
				CLANG_WARN_ENUM_CONVERSION = YES;
				CLANG_WARN_INFINITE_RECURSION = YES;
				CLANG_WARN_INT_CONVERSION = YES;
				CLANG_WARN_NON_LITERAL_NULL_CONVERSION = YES;
				CLANG_WARN_OBJC_IMPLICIT_RETAIN_SELF = YES;
				CLANG_WARN_OBJC_LITERAL_CONVERSION = YES;
				CLANG_WARN_OBJC_ROOT_CLASS = YES_ERROR;
				CLANG_WARN_QUOTED_INCLUDE_IN_FRAMEWORK_HEADER = YES;
				CLANG_WARN_RANGE_LOOP_ANALYSIS = YES;
				CLANG_WARN_STRICT_PROTOTYPES = YES;
				CLANG_WARN_SUSPICIOUS_MOVE = YES;
				CLANG_WARN_UNGUARDED_AVAILABILITY = YES_AGGRESSIVE;
				CLANG_WARN_UNREACHABLE_CODE = YES;
				CLANG_WARN__DUPLICATE_METHOD_MATCH = YES;
				COPY_PHASE_STRIP = NO;
				DEBUG_INFORMATION_FORMAT = dwarf;
				ENABLE_STRICT_OBJC_MSGSEND = YES;
				ENABLE_TESTABILITY = YES;
				GCC_C_LANGUAGE_STANDARD = gnu11;
				GCC_DYNAMIC_NO_PIC = NO;
				GCC_NO_COMMON_BLOCKS = YES;
				GCC_OPTIMIZATION_LEVEL = 0;
				GCC_PREPROCESSOR_DEFINITIONS = (
					"DEBUG=1",
					"$(inherited)",
				);
				GCC_WARN_64_TO_32_BIT_CONVERSION = YES;
				GCC_WARN_ABOUT_RETURN_TYPE = YES_ERROR;
				GCC_WARN_UNDECLARED_SELECTOR = YES;
				GCC_WARN_UNINITIALIZED_AUTOS = YES_AGGRESSIVE;
				GCC_WARN_UNUSED_FUNCTION = YES;
				GCC_WARN_UNUSED_VARIABLE = YES;
				IPHONEOS_DEPLOYMENT_TARGET = 14.5;
				MTL_ENABLE_DEBUG_INFO = INCLUDE_SOURCE;
				MTL_FAST_MATH = YES;
				ONLY_ACTIVE_ARCH = YES;
				SDKROOT = iphoneos;
				SWIFT_ACTIVE_COMPILATION_CONDITIONS = DEBUG;
				SWIFT_OPTIMIZATION_LEVEL = "-Onone";
			};
			name = Debug;
		};
		76B74EEA2656080E00515242 /* Release */ = {
			isa = XCBuildConfiguration;
			buildSettings = {
				ALWAYS_SEARCH_USER_PATHS = NO;
				CLANG_ANALYZER_NONNULL = YES;
				CLANG_ANALYZER_NUMBER_OBJECT_CONVERSION = YES_AGGRESSIVE;
				CLANG_CXX_LANGUAGE_STANDARD = "gnu++14";
				CLANG_CXX_LIBRARY = "libc++";
				CLANG_ENABLE_MODULES = YES;
				CLANG_ENABLE_OBJC_ARC = YES;
				CLANG_ENABLE_OBJC_WEAK = YES;
				CLANG_WARN_BLOCK_CAPTURE_AUTORELEASING = YES;
				CLANG_WARN_BOOL_CONVERSION = YES;
				CLANG_WARN_COMMA = YES;
				CLANG_WARN_CONSTANT_CONVERSION = YES;
				CLANG_WARN_DEPRECATED_OBJC_IMPLEMENTATIONS = YES;
				CLANG_WARN_DIRECT_OBJC_ISA_USAGE = YES_ERROR;
				CLANG_WARN_DOCUMENTATION_COMMENTS = YES;
				CLANG_WARN_EMPTY_BODY = YES;
				CLANG_WARN_ENUM_CONVERSION = YES;
				CLANG_WARN_INFINITE_RECURSION = YES;
				CLANG_WARN_INT_CONVERSION = YES;
				CLANG_WARN_NON_LITERAL_NULL_CONVERSION = YES;
				CLANG_WARN_OBJC_IMPLICIT_RETAIN_SELF = YES;
				CLANG_WARN_OBJC_LITERAL_CONVERSION = YES;
				CLANG_WARN_OBJC_ROOT_CLASS = YES_ERROR;
				CLANG_WARN_QUOTED_INCLUDE_IN_FRAMEWORK_HEADER = YES;
				CLANG_WARN_RANGE_LOOP_ANALYSIS = YES;
				CLANG_WARN_STRICT_PROTOTYPES = YES;
				CLANG_WARN_SUSPICIOUS_MOVE = YES;
				CLANG_WARN_UNGUARDED_AVAILABILITY = YES_AGGRESSIVE;
				CLANG_WARN_UNREACHABLE_CODE = YES;
				CLANG_WARN__DUPLICATE_METHOD_MATCH = YES;
				COPY_PHASE_STRIP = NO;
				DEBUG_INFORMATION_FORMAT = "dwarf-with-dsym";
				ENABLE_NS_ASSERTIONS = NO;
				ENABLE_STRICT_OBJC_MSGSEND = YES;
				GCC_C_LANGUAGE_STANDARD = gnu11;
				GCC_NO_COMMON_BLOCKS = YES;
				GCC_WARN_64_TO_32_BIT_CONVERSION = YES;
				GCC_WARN_ABOUT_RETURN_TYPE = YES_ERROR;
				GCC_WARN_UNDECLARED_SELECTOR = YES;
				GCC_WARN_UNINITIALIZED_AUTOS = YES_AGGRESSIVE;
				GCC_WARN_UNUSED_FUNCTION = YES;
				GCC_WARN_UNUSED_VARIABLE = YES;
				IPHONEOS_DEPLOYMENT_TARGET = 14.5;
				MTL_ENABLE_DEBUG_INFO = NO;
				MTL_FAST_MATH = YES;
				SDKROOT = iphoneos;
				SWIFT_COMPILATION_MODE = wholemodule;
				SWIFT_OPTIMIZATION_LEVEL = "-O";
				VALIDATE_PRODUCT = YES;
			};
			name = Release;
		};
		76B74EEC2656080E00515242 /* Debug */ = {
			isa = XCBuildConfiguration;
			buildSettings = {
				ASSETCATALOG_COMPILER_APPICON_NAME = AppIcon;
				ASSETCATALOG_COMPILER_GLOBAL_ACCENT_COLOR_NAME = AccentColor;
				CODE_SIGN_STYLE = Automatic;
				INFOPLIST_FILE = swiftQuiz/Info.plist;
				IPHONEOS_DEPLOYMENT_TARGET = 14.5;
				LD_RUNPATH_SEARCH_PATHS = (
					"$(inherited)",
					"@executable_path/Frameworks",
				);
				PRODUCT_BUNDLE_IDENTIFIER = mnd.swiftQuiz;
				PRODUCT_NAME = "$(TARGET_NAME)";
				SWIFT_VERSION = 5.0;
				TARGETED_DEVICE_FAMILY = 1;
			};
			name = Debug;
		};
		76B74EED2656080E00515242 /* Release */ = {
			isa = XCBuildConfiguration;
			buildSettings = {
				ASSETCATALOG_COMPILER_APPICON_NAME = AppIcon;
				ASSETCATALOG_COMPILER_GLOBAL_ACCENT_COLOR_NAME = AccentColor;
				CODE_SIGN_STYLE = Automatic;
				INFOPLIST_FILE = swiftQuiz/Info.plist;
				IPHONEOS_DEPLOYMENT_TARGET = 14.5;
				LD_RUNPATH_SEARCH_PATHS = (
					"$(inherited)",
					"@executable_path/Frameworks",
				);
				PRODUCT_BUNDLE_IDENTIFIER = mnd.swiftQuiz;
				PRODUCT_NAME = "$(TARGET_NAME)";
				SWIFT_VERSION = 5.0;
				TARGETED_DEVICE_FAMILY = 1;
			};
			name = Release;
		};
		76B74EEF2656080E00515242 /* Debug */ = {
			isa = XCBuildConfiguration;
			buildSettings = {
				ALWAYS_EMBED_SWIFT_STANDARD_LIBRARIES = YES;
				BUNDLE_LOADER = "$(TEST_HOST)";
				CODE_SIGN_STYLE = Automatic;
				INFOPLIST_FILE = swiftQuizTests/Info.plist;
				IPHONEOS_DEPLOYMENT_TARGET = 14.5;
				LD_RUNPATH_SEARCH_PATHS = (
					"$(inherited)",
					"@executable_path/Frameworks",
					"@loader_path/Frameworks",
				);
				PRODUCT_BUNDLE_IDENTIFIER = mnd.swiftQuizTests;
				PRODUCT_NAME = "$(TARGET_NAME)";
				SWIFT_VERSION = 5.0;
				TARGETED_DEVICE_FAMILY = "1,2";
				TEST_HOST = "$(BUILT_PRODUCTS_DIR)/swiftQuiz.app/swiftQuiz";
			};
			name = Debug;
		};
		76B74EF02656080E00515242 /* Release */ = {
			isa = XCBuildConfiguration;
			buildSettings = {
				ALWAYS_EMBED_SWIFT_STANDARD_LIBRARIES = YES;
				BUNDLE_LOADER = "$(TEST_HOST)";
				CODE_SIGN_STYLE = Automatic;
				INFOPLIST_FILE = swiftQuizTests/Info.plist;
				IPHONEOS_DEPLOYMENT_TARGET = 14.5;
				LD_RUNPATH_SEARCH_PATHS = (
					"$(inherited)",
					"@executable_path/Frameworks",
					"@loader_path/Frameworks",
				);
				PRODUCT_BUNDLE_IDENTIFIER = mnd.swiftQuizTests;
				PRODUCT_NAME = "$(TARGET_NAME)";
				SWIFT_VERSION = 5.0;
				TARGETED_DEVICE_FAMILY = "1,2";
				TEST_HOST = "$(BUILT_PRODUCTS_DIR)/swiftQuiz.app/swiftQuiz";
			};
			name = Release;
		};
		76B74EF22656080E00515242 /* Debug */ = {
			isa = XCBuildConfiguration;
			buildSettings = {
				ALWAYS_EMBED_SWIFT_STANDARD_LIBRARIES = YES;
				CODE_SIGN_STYLE = Automatic;
				INFOPLIST_FILE = swiftQuizUITests/Info.plist;
				LD_RUNPATH_SEARCH_PATHS = (
					"$(inherited)",
					"@executable_path/Frameworks",
					"@loader_path/Frameworks",
				);
				PRODUCT_BUNDLE_IDENTIFIER = mnd.swiftQuizUITests;
				PRODUCT_NAME = "$(TARGET_NAME)";
				SWIFT_VERSION = 5.0;
				TARGETED_DEVICE_FAMILY = "1,2";
				TEST_TARGET_NAME = swiftQuiz;
			};
			name = Debug;
		};
		76B74EF32656080E00515242 /* Release */ = {
			isa = XCBuildConfiguration;
			buildSettings = {
				ALWAYS_EMBED_SWIFT_STANDARD_LIBRARIES = YES;
				CODE_SIGN_STYLE = Automatic;
				INFOPLIST_FILE = swiftQuizUITests/Info.plist;
				LD_RUNPATH_SEARCH_PATHS = (
					"$(inherited)",
					"@executable_path/Frameworks",
					"@loader_path/Frameworks",
				);
				PRODUCT_BUNDLE_IDENTIFIER = mnd.swiftQuizUITests;
				PRODUCT_NAME = "$(TARGET_NAME)";
				SWIFT_VERSION = 5.0;
				TARGETED_DEVICE_FAMILY = "1,2";
				TEST_TARGET_NAME = swiftQuiz;
			};
			name = Release;
		};
/* End XCBuildConfiguration section */

/* Begin XCConfigurationList section */
		76B74EBC2656080D00515242 /* Build configuration list for PBXProject "swiftQuiz" */ = {
			isa = XCConfigurationList;
			buildConfigurations = (
				76B74EE92656080E00515242 /* Debug */,
				76B74EEA2656080E00515242 /* Release */,
			);
			defaultConfigurationIsVisible = 0;
			defaultConfigurationName = Release;
		};
		76B74EEB2656080E00515242 /* Build configuration list for PBXNativeTarget "swiftQuiz" */ = {
			isa = XCConfigurationList;
			buildConfigurations = (
				76B74EEC2656080E00515242 /* Debug */,
				76B74EED2656080E00515242 /* Release */,
			);
			defaultConfigurationIsVisible = 0;
			defaultConfigurationName = Release;
		};
		76B74EEE2656080E00515242 /* Build configuration list for PBXNativeTarget "swiftQuizTests" */ = {
			isa = XCConfigurationList;
			buildConfigurations = (
				76B74EEF2656080E00515242 /* Debug */,
				76B74EF02656080E00515242 /* Release */,
			);
			defaultConfigurationIsVisible = 0;
			defaultConfigurationName = Release;
		};
		76B74EF12656080E00515242 /* Build configuration list for PBXNativeTarget "swiftQuizUITests" */ = {
			isa = XCConfigurationList;
			buildConfigurations = (
				76B74EF22656080E00515242 /* Debug */,
				76B74EF32656080E00515242 /* Release */,
			);
			defaultConfigurationIsVisible = 0;
			defaultConfigurationName = Release;
		};
/* End XCConfigurationList section */
	};
	rootObject = 76B74EB92656080D00515242 /* Project object */;
}
